
Microsoft Visual Studio Solution File, Format Version 12.00
# Visual Studio 15
VisualStudioVersion = 15.0.26430.16
MinimumVisualStudioVersion = 10.0.40219.1
Project("{FAE04EC0-301F-11D3-BF4B-00C04F79EFBC}") = "Yachay", "Yachay\Yachay.csproj", "{30E69C56-845B-461C-8F33-091D644D78D4}"
EndProject
Project("{FAE04EC0-301F-11D3-BF4B-00C04F79EFBC}") = "Yachay.Data", "Yachay.Data\Yachay.Data.csproj", "{3A47ED95-C017-463F-9FD2-9FF414405D80}"
EndProject
Project("{FAE04EC0-301F-11D3-BF4B-00C04F79EFBC}") = "Yachay.Entities", "Yachay.Entities\Yachay.Entities.csproj", "{48806DF0-9F7C-4E53-A80F-7D7C026BD3B7}"
EndProject
Project("{FAE04EC0-301F-11D3-BF4B-00C04F79EFBC}") = "Yachay.DAL", "Yachay.Dal\Yachay.DAL.csproj", "{E895CC07-CD20-4F08-9172-B18EBE2EFF6D}"
EndProject
Global
	GlobalSection(SolutionConfigurationPlatforms) = preSolution
		Debug|Any CPU = Debug|Any CPU
		Release|Any CPU = Release|Any CPU
	EndGlobalSection
	GlobalSection(ProjectConfigurationPlatforms) = postSolution
		{30E69C56-845B-461C-8F33-091D644D78D4}.Debug|Any CPU.ActiveCfg = Debug|Any CPU
		{30E69C56-845B-461C-8F33-091D644D78D4}.Debug|Any CPU.Build.0 = Debug|Any CPU
		{30E69C56-845B-461C-8F33-091D644D78D4}.Release|Any CPU.ActiveCfg = Release|Any CPU
		{30E69C56-845B-461C-8F33-091D644D78D4}.Release|Any CPU.Build.0 = Release|Any CPU
		{3A47ED95-C017-463F-9FD2-9FF414405D80}.Debug|Any CPU.ActiveCfg = Debug|Any CPU
		{3A47ED95-C017-463F-9FD2-9FF414405D80}.Debug|Any CPU.Build.0 = Debug|Any CPU
		{3A47ED95-C017-463F-9FD2-9FF414405D80}.Release|Any CPU.ActiveCfg = Release|Any CPU
		{3A47ED95-C017-463F-9FD2-9FF414405D80}.Release|Any CPU.Build.0 = Release|Any CPU
		{48806DF0-9F7C-4E53-A80F-7D7C026BD3B7}.Debug|Any CPU.ActiveCfg = Debug|Any CPU
		{48806DF0-9F7C-4E53-A80F-7D7C026BD3B7}.Debug|Any CPU.Build.0 = Debug|Any CPU
		{48806DF0-9F7C-4E53-A80F-7D7C026BD3B7}.Release|Any CPU.ActiveCfg = Release|Any CPU
		{48806DF0-9F7C-4E53-A80F-7D7C026BD3B7}.Release|Any CPU.Build.0 = Release|Any CPU
		{E895CC07-CD20-4F08-9172-B18EBE2EFF6D}.Debug|Any CPU.ActiveCfg = Debug|Any CPU
		{E895CC07-CD20-4F08-9172-B18EBE2EFF6D}.Debug|Any CPU.Build.0 = Debug|Any CPU
		{E895CC07-CD20-4F08-9172-B18EBE2EFF6D}.Release|Any CPU.ActiveCfg = Release|Any CPU
		{E895CC07-CD20-4F08-9172-B18EBE2EFF6D}.Release|Any CPU.Build.0 = Release|Any CPU
	EndGlobalSection
	GlobalSection(SolutionProperties) = preSolution
		HideSolutionNode = FALSE
	EndGlobalSection
EndGlobal
